name: Update flake.lock

on:
  workflow_dispatch:
  schedule:
    - cron: '0 0 1 * *' # Monthly on the 1st

jobs:
  update:
    runs-on: ubuntu-latest
    permissions:
      contents: write
      pull-requests: write
    steps:
      - uses: actions/checkout@v4
      - uses: DeterminateSystems/determinate-nix-action@v3
      - uses: DeterminateSystems/update-flake-lock@main
        with:
          pr-title: "nix: update flake.lock"
          pr-labels: |
            dependencies
            nix
